
Microsoft Visual Studio Solution File, Format Version 12.00
# Visual Studio Version 17
VisualStudioVersion = 17.2.32602.215
MinimumVisualStudioVersion = 10.0.40219.1
Project("{9A19103F-16F7-4668-BE54-9A1E7A4F7556}") = "Aban.Common", "Aban.Common\Aban.Common.csproj", "{01A87E8D-D3F9-412E-BDBF-559B07BD5F71}"
EndProject
Project("{2150E333-8FDC-42A3-9474-1A3956D46DE8}") = "Main", "Main", "{BF924C98-F694-4CD5-B49E-354D4EEE0AC3}"
EndProject
Project("{9A19103F-16F7-4668-BE54-9A1E7A4F7556}") = "Aban.DataLayer", "Aban.DataLayer\Aban.DataLayer.csproj", "{B6103103-0B93-4097-AB30-CD910F4D02F1}"
EndProject
Project("{9A19103F-16F7-4668-BE54-9A1E7A4F7556}") = "Aban.Domain", "Aban.Domain\Aban.Domain.csproj", "{FA855927-DBDD-40FC-831F-07B86C2B4935}"
EndProject
Project("{9A19103F-16F7-4668-BE54-9A1E7A4F7556}") = "Aban.Service", "Aban.Service\Aban.Service.csproj", "{9FF2BA58-C378-4885-BEAF-90E37EE9178D}"
EndProject
Project("{2150E333-8FDC-42A3-9474-1A3956D46DE8}") = "Projects", "Projects", "{5E03B226-775B-45AB-B3DB-D442FB641446}"
EndProject
Project("{9A19103F-16F7-4668-BE54-9A1E7A4F7556}") = "Aban.Frontend", "Aban.Frontend\Aban.Frontend.csproj", "{C9014294-08DE-4559-927D-1F3770019010}"
EndProject
Project("{9A19103F-16F7-4668-BE54-9A1E7A4F7556}") = "Aban.Dashboard", "Aban.Dashboard\Aban.Dashboard.csproj", "{73BB3840-A441-490A-8BE3-723A180E00B9}"
EndProject
Project("{9A19103F-16F7-4668-BE54-9A1E7A4F7556}") = "ViewModels", "ViewModels\ViewModels.csproj", "{B4087544-09F3-4E84-AC6B-44403FF875B8}"
EndProject
Project("{9A19103F-16F7-4668-BE54-9A1E7A4F7556}") = "PersianTranslation", "PersianTranslation\PersianTranslation.csproj", "{18A5B636-657C-4209-B2C4-9F457A9A75D3}"
EndProject
Global
	GlobalSection(SolutionConfigurationPlatforms) = preSolution
		Debug|Any CPU = Debug|Any CPU
		Release|Any CPU = Release|Any CPU
	EndGlobalSection
	GlobalSection(ProjectConfigurationPlatforms) = postSolution
		{01A87E8D-D3F9-412E-BDBF-559B07BD5F71}.Debug|Any CPU.ActiveCfg = Debug|Any CPU
		{01A87E8D-D3F9-412E-BDBF-559B07BD5F71}.Debug|Any CPU.Build.0 = Debug|Any CPU
		{01A87E8D-D3F9-412E-BDBF-559B07BD5F71}.Release|Any CPU.ActiveCfg = Release|Any CPU
		{01A87E8D-D3F9-412E-BDBF-559B07BD5F71}.Release|Any CPU.Build.0 = Release|Any CPU
		{B6103103-0B93-4097-AB30-CD910F4D02F1}.Debug|Any CPU.ActiveCfg = Debug|Any CPU
		{B6103103-0B93-4097-AB30-CD910F4D02F1}.Debug|Any CPU.Build.0 = Debug|Any CPU
		{B6103103-0B93-4097-AB30-CD910F4D02F1}.Release|Any CPU.ActiveCfg = Release|Any CPU
		{B6103103-0B93-4097-AB30-CD910F4D02F1}.Release|Any CPU.Build.0 = Release|Any CPU
		{FA855927-DBDD-40FC-831F-07B86C2B4935}.Debug|Any CPU.ActiveCfg = Debug|Any CPU
		{FA855927-DBDD-40FC-831F-07B86C2B4935}.Debug|Any CPU.Build.0 = Debug|Any CPU
		{FA855927-DBDD-40FC-831F-07B86C2B4935}.Release|Any CPU.ActiveCfg = Release|Any CPU
		{FA855927-DBDD-40FC-831F-07B86C2B4935}.Release|Any CPU.Build.0 = Release|Any CPU
		{9FF2BA58-C378-4885-BEAF-90E37EE9178D}.Debug|Any CPU.ActiveCfg = Debug|Any CPU
		{9FF2BA58-C378-4885-BEAF-90E37EE9178D}.Debug|Any CPU.Build.0 = Debug|Any CPU
		{9FF2BA58-C378-4885-BEAF-90E37EE9178D}.Release|Any CPU.ActiveCfg = Release|Any CPU
		{9FF2BA58-C378-4885-BEAF-90E37EE9178D}.Release|Any CPU.Build.0 = Release|Any CPU
		{C9014294-08DE-4559-927D-1F3770019010}.Debug|Any CPU.ActiveCfg = Debug|Any CPU
		{C9014294-08DE-4559-927D-1F3770019010}.Debug|Any CPU.Build.0 = Debug|Any CPU
		{C9014294-08DE-4559-927D-1F3770019010}.Release|Any CPU.ActiveCfg = Release|Any CPU
		{C9014294-08DE-4559-927D-1F3770019010}.Release|Any CPU.Build.0 = Release|Any CPU
		{73BB3840-A441-490A-8BE3-723A180E00B9}.Debug|Any CPU.ActiveCfg = Debug|Any CPU
		{73BB3840-A441-490A-8BE3-723A180E00B9}.Debug|Any CPU.Build.0 = Debug|Any CPU
		{73BB3840-A441-490A-8BE3-723A180E00B9}.Release|Any CPU.ActiveCfg = Release|Any CPU
		{73BB3840-A441-490A-8BE3-723A180E00B9}.Release|Any CPU.Build.0 = Release|Any CPU
		{B4087544-09F3-4E84-AC6B-44403FF875B8}.Debug|Any CPU.ActiveCfg = Debug|Any CPU
		{B4087544-09F3-4E84-AC6B-44403FF875B8}.Debug|Any CPU.Build.0 = Debug|Any CPU
		{B4087544-09F3-4E84-AC6B-44403FF875B8}.Release|Any CPU.ActiveCfg = Release|Any CPU
		{B4087544-09F3-4E84-AC6B-44403FF875B8}.Release|Any CPU.Build.0 = Release|Any CPU
		{18A5B636-657C-4209-B2C4-9F457A9A75D3}.Debug|Any CPU.ActiveCfg = Debug|Any CPU
		{18A5B636-657C-4209-B2C4-9F457A9A75D3}.Debug|Any CPU.Build.0 = Debug|Any CPU
		{18A5B636-657C-4209-B2C4-9F457A9A75D3}.Release|Any CPU.ActiveCfg = Release|Any CPU
		{18A5B636-657C-4209-B2C4-9F457A9A75D3}.Release|Any CPU.Build.0 = Release|Any CPU
	EndGlobalSection
	GlobalSection(SolutionProperties) = preSolution
		HideSolutionNode = FALSE
	EndGlobalSection
	GlobalSection(NestedProjects) = preSolution
		{01A87E8D-D3F9-412E-BDBF-559B07BD5F71} = {BF924C98-F694-4CD5-B49E-354D4EEE0AC3}
		{B6103103-0B93-4097-AB30-CD910F4D02F1} = {BF924C98-F694-4CD5-B49E-354D4EEE0AC3}
		{FA855927-DBDD-40FC-831F-07B86C2B4935} = {BF924C98-F694-4CD5-B49E-354D4EEE0AC3}
		{9FF2BA58-C378-4885-BEAF-90E37EE9178D} = {BF924C98-F694-4CD5-B49E-354D4EEE0AC3}
		{C9014294-08DE-4559-927D-1F3770019010} = {5E03B226-775B-45AB-B3DB-D442FB641446}
		{73BB3840-A441-490A-8BE3-723A180E00B9} = {5E03B226-775B-45AB-B3DB-D442FB641446}
		{B4087544-09F3-4E84-AC6B-44403FF875B8} = {BF924C98-F694-4CD5-B49E-354D4EEE0AC3}
		{18A5B636-657C-4209-B2C4-9F457A9A75D3} = {BF924C98-F694-4CD5-B49E-354D4EEE0AC3}
	EndGlobalSection
	GlobalSection(ExtensibilityGlobals) = postSolution
		SolutionGuid = {E5E28AF4-4FAC-4EE3-9F8B-1E4323FBD77A}
	EndGlobalSection
EndGlobal
